{
  "name": "rabbit-sample",
  "version": "1.0.0",
  "lockfileVersion": 1,
  "requires": true,
  "dependencies": {
    "amqplib": {
      "version": "0.5.3",
      "resolved": "https://registry.npmjs.org/amqplib/-/amqplib-0.5.3.tgz",
      "integrity": "sha512-ZOdUhMxcF+u62rPI+hMtU1NBXSDFQ3eCJJrenamtdQ7YYwh7RZJHOIM1gonVbZ5PyVdYH4xqBPje9OYqk7fnqw==",
      "requires": {
        "bitsyntax": "~0.1.0",
        "bluebird": "^3.5.2",
        "buffer-more-ints": "~1.0.0",
        "readable-stream": "1.x >=1.1.9",
        "safe-buffer": "~5.1.2",
        "url-parse": "~1.4.3"
      }
    },
    "bitsyntax": {
      "version": "0.1.0",
      "resolved": "https://registry.npmjs.org/bitsyntax/-/bitsyntax-0.1.0.tgz",
      "integrity": "sha512-ikAdCnrloKmFOugAfxWws89/fPc+nw0OOG1IzIE72uSOg/A3cYptKCjSUhDTuj7fhsJtzkzlv7l3b8PzRHLN0Q==",
      "requires": {
        "buffer-more-ints": "~1.0.0",
        "debug": "~2.6.9",
        "safe-buffer": "~5.1.2"
      },
      "dependencies": {
        "debug": {
          "version": "2.6.9",
          "resolved": "https://registry.npmjs.org/debug/-/debug-2.6.9.tgz",
          "integrity": "sha512-bC7ElrdJaJnPbAP+1EotYvqZsb3ecl5wi6Bfi6BJTUcNowp6cvspg0jXznRTKDjm/E7AdgFBVeAPVMNcKGsHMA==",
          "requires": {
            "ms": "2.0.0"
          }
        }
      }
    },
    "bluebird": {
      "version": "3.5.5",
      "resolved": "https://registry.npmjs.org/bluebird/-/bluebird-3.5.5.tgz",
      "integrity": "sha512-5am6HnnfN+urzt4yfg7IgTbotDjIT/u8AJpEt0sIU9FtXfVeezXAPKswrG+xKUCOYAINpSdgZVDU6QFh+cuH3w=="
    },
    "bole": {
      "version": "3.0.2",
      "resolved": "https://registry.npmjs.org/bole/-/bole-3.0.2.tgz",
      "integrity": "sha1-vIpIPKlASdqbg3wa0Rzf6+5uBRQ=",
      "requires": {
        "fast-safe-stringify": "~1.1.0",
        "individual": "~3.0.0"
      }
    },
    "buffer-more-ints": {
      "version": "1.0.0",
      "resolved": "https://registry.npmjs.org/buffer-more-ints/-/buffer-more-ints-1.0.0.tgz",
      "integrity": "sha512-EMetuGFz5SLsT0QTnXzINh4Ksr+oo4i+UGTXEshiGCQWnsgSs7ZhJ8fzlwQ+OzEMs0MpDAMr1hxnblp5a4vcHg=="
    },
    "core-util-is": {
      "version": "1.0.2",
      "resolved": "https://registry.npmjs.org/core-util-is/-/core-util-is-1.0.2.tgz",
      "integrity": "sha1-tf1UIgqivFq1eqtxQMlAdUUDwac="
    },
    "debug": {
      "version": "3.2.6",
      "resolved": "https://registry.npmjs.org/debug/-/debug-3.2.6.tgz",
      "integrity": "sha512-mel+jf7nrtEl5Pn1Qx46zARXKDpBbvzezse7p7LqINmdoIk8PYP5SySaxEmYv6TZ0JyEKA1hsCId6DIhgITtWQ==",
      "requires": {
        "ms": "^2.1.1"
      },
      "dependencies": {
        "ms": {
          "version": "2.1.1",
          "resolved": "https://registry.npmjs.org/ms/-/ms-2.1.1.tgz",
          "integrity": "sha512-tgp+dl5cGk28utYktBsrFqA7HKgrhgPsg6Z/EfhWI4gl1Hwq8B/GmY/0oXZ6nF8hDVesS/FpnYaD/kOWhYQvyg=="
        }
      }
    },
    "fast-safe-stringify": {
      "version": "1.1.13",
      "resolved": "https://registry.npmjs.org/fast-safe-stringify/-/fast-safe-stringify-1.1.13.tgz",
      "integrity": "sha1-oB6c2cnkkXFcmKdaQtXwu9EH/3Y="
    },
    "individual": {
      "version": "3.0.0",
      "resolved": "https://registry.npmjs.org/individual/-/individual-3.0.0.tgz",
      "integrity": "sha1-58pPhfiVewGHNPKFdQ3CLsL5hi0="
    },
    "inherits": {
      "version": "2.0.3",
      "resolved": "https://registry.npmjs.org/inherits/-/inherits-2.0.3.tgz",
      "integrity": "sha1-Yzwsg+PaQqUC9SRmAiSA9CCCYd4="
    },
    "isarray": {
      "version": "0.0.1",
      "resolved": "https://registry.npmjs.org/isarray/-/isarray-0.0.1.tgz",
      "integrity": "sha1-ihis/Kmo9Bd+Cav8YDiTmwXR7t8="
    },
    "lodash": {
      "version": "3.10.1",
      "resolved": "https://registry.npmjs.org/lodash/-/lodash-3.10.1.tgz",
      "integrity": "sha1-W/Rejkm6QYnhfUgnid/RW9FAt7Y="
    },
    "machina": {
      "version": "2.0.2",
      "resolved": "https://registry.npmjs.org/machina/-/machina-2.0.2.tgz",
      "integrity": "sha512-9U9g4eQjQ2JARX7h/051r65EQEfFfpPxoSjVmUMJG6gnfjVjM+rjwVLoq7Z9NovjYm7AR3oTWWPtHVlgeSZzYw==",
      "requires": {
        "lodash": "3.x"
      }
    },
    "monologue.js": {
      "version": "0.3.5",
      "resolved": "https://registry.npmjs.org/monologue.js/-/monologue.js-0.3.5.tgz",
      "integrity": "sha1-IM5RQ9ZegqOh91rakUfFJIeRSWk=",
      "requires": {
        "lodash": "3.x",
        "riveter": "0.2.0"
      }
    },
    "ms": {
      "version": "2.0.0",
      "resolved": "https://registry.npmjs.org/ms/-/ms-2.0.0.tgz",
      "integrity": "sha1-VgiurfwAvmwpAd9fmGF4jeDVl8g="
    },
    "postal": {
      "version": "2.0.5",
      "resolved": "https://registry.npmjs.org/postal/-/postal-2.0.5.tgz",
      "integrity": "sha1-f58DWUOiTaqZY6xaU7XQzwffJLk=",
      "requires": {
        "lodash": "^4.12.0"
      },
      "dependencies": {
        "lodash": {
          "version": "4.17.11",
          "resolved": "https://registry.npmjs.org/lodash/-/lodash-4.17.11.tgz",
          "integrity": "sha512-cQKh8igo5QUhZ7lg38DYWAxMvjSAKG0A8wGSVimP07SIUEK2UO+arSRKbRZWtelMtN5V0Hkwh5ryOto/SshYIg=="
        }
      }
    },
    "querystringify": {
      "version": "2.1.1",
      "resolved": "https://registry.npmjs.org/querystringify/-/querystringify-2.1.1.tgz",
      "integrity": "sha512-w7fLxIRCRT7U8Qu53jQnJyPkYZIaR4n5151KMfcJlO/A9397Wxb1amJvROTK6TOnp7PfoAmg/qXiNHI+08jRfA=="
    },
    "rabbot": {
      "version": "2.1.0",
      "resolved": "https://registry.npmjs.org/rabbot/-/rabbot-2.1.0.tgz",
      "integrity": "sha512-FcrId+uaIbXqL+gFPr1DHQ1uvcW5V2VHi51pTVo8wT5f3RXdxzD6xlIGq8AZ/qm44G9cdbyQwhv5ODPz6J8cxw==",
      "requires": {
        "amqplib": "~0.5.2",
        "bole": "^3.0.2",
        "debug": "^3.1.0",
        "machina": "2.0.2",
        "monologue.js": "^0.3.5",
        "postal": "^2.0.5",
        "uuid": "^3.1.0"
      }
    },
    "readable-stream": {
      "version": "1.1.14",
      "resolved": "https://registry.npmjs.org/readable-stream/-/readable-stream-1.1.14.tgz",
      "integrity": "sha1-fPTFTvZI44EwhMY23SB54WbAgdk=",
      "requires": {
        "core-util-is": "~1.0.0",
        "inherits": "~2.0.1",
        "isarray": "0.0.1",
        "string_decoder": "~0.10.x"
      }
    },
    "requires-port": {
      "version": "1.0.0",
      "resolved": "https://registry.npmjs.org/requires-port/-/requires-port-1.0.0.tgz",
      "integrity": "sha1-kl0mAdOaxIXgkc8NpcbmlNw9yv8="
    },
    "riveter": {
      "version": "0.2.0",
      "resolved": "https://registry.npmjs.org/riveter/-/riveter-0.2.0.tgz",
      "integrity": "sha1-H3yOhlxFURX95ZS+JLAHLr3IvuQ=",
      "requires": {
        "lodash": "^2.4.1"
      },
      "dependencies": {
        "lodash": {
          "version": "2.4.2",
          "resolved": "https://registry.npmjs.org/lodash/-/lodash-2.4.2.tgz",
          "integrity": "sha1-+t2DS5aDBz2hebPq5tnA0VBT9z4="
        }
      }
    },
    "safe-buffer": {
      "version": "5.1.2",
      "resolved": "https://registry.npmjs.org/safe-buffer/-/safe-buffer-5.1.2.tgz",
      "integrity": "sha512-Gd2UZBJDkXlY7GbJxfsE8/nvKkUEU1G38c1siN6QP6a9PT9MmHB8GnpscSmMJSoF8LOIrt8ud/wPtojys4G6+g=="
    },
    "string_decoder": {
      "version": "0.10.31",
      "resolved": "https://registry.npmjs.org/string_decoder/-/string_decoder-0.10.31.tgz",
      "integrity": "sha1-YuIDvEF2bGwoyfyEMB2rHFMQ+pQ="
    },
    "url-parse": {
      "version": "1.4.7",
      "resolved": "https://registry.npmjs.org/url-parse/-/url-parse-1.4.7.tgz",
      "integrity": "sha512-d3uaVyzDB9tQoSXFvuSUNFibTd9zxd2bkVrDRvF5TmvWWQwqE4lgYJ5m+x1DbecWkw+LK4RNl2CU1hHuOKPVlg==",
      "requires": {
        "querystringify": "^2.1.1",
        "requires-port": "^1.0.0"
      }
    },
    "uuid": {
      "version": "3.3.2",
      "resolved": "https://registry.npmjs.org/uuid/-/uuid-3.3.2.tgz",
      "integrity": "sha512-yXJmeNaw3DnnKAOKJE51sL/ZaYfWJRl1pK9dr19YFCu0ObS231AB1/LbqTKRAQ5kw8A90rA6fr4riOUpTZvQZA=="
    }
  }
}
